// !$*UTF8*$!
{
	archiveVersion = 1;
	classes = {
	};
	objectVersion = 77;
	objects = {

/* Begin PBXBuildFile section */
		45E4F44ECE571F2658481BDD /* VirtualAudioDriver.iig in Sources */ = {isa = PBXBuildFile; fileRef = C4C1A730D808CE888B906820 /* VirtualAudioDriver.iig */; };
		5D24C629F7B7C79EAAEF093E /* VirtualAudioDevice.cpp in Sources */ = {isa = PBXBuildFile; fileRef = AEA3189C244749425412298F /* VirtualAudioDevice.cpp */; };
		60C33152962A4A4DD544668C /* VirtualAudioDevice.iig in Sources */ = {isa = PBXBuildFile; fileRef = D47003039019C314E18F8AAF /* VirtualAudioDevice.iig */; };
		82FE5B3A9F7AA66D23FB7A79 /* VirtualAudioDriver.cpp in Sources */ = {isa = PBXBuildFile; fileRef = 9D20832321DF912A94CDC8ED /* VirtualAudioDriver.cpp */; };
		A359F9C03A9BA074926408DC /* Stubs.cpp in Sources */ = {isa = PBXBuildFile; fileRef = A80F431F4AE6625A40ADA29B /* Stubs.cpp */; };
/* End PBXBuildFile section */

/* Begin PBXFileReference section */
		0B6D9BDFE3AB142003F97144 /* AmdtpTypes.hpp */ = {isa = PBXFileReference; lastKnownFileType = sourcecode.cpp.h; path = AmdtpTypes.hpp; sourceTree = "<group>"; };
		0DD09F24EAA4A53D77DDA708 /* FakeIsochTxSlotProvider.hpp */ = {isa = PBXFileReference; lastKnownFileType = sourcecode.cpp.h; path = FakeIsochTxSlotProvider.hpp; sourceTree = "<group>"; };
		3705A4C0574FF90F6FD2A322 /* DiceDeviceProfile.hpp */ = {isa = PBXFileReference; lastKnownFileType = sourcecode.cpp.h; path = DiceDeviceProfile.hpp; sourceTree = "<group>"; };
		406CAFCE0740646727635ED3 /* FocusriteSaffireProfile.hpp */ = {isa = PBXFileReference; lastKnownFileType = sourcecode.cpp.h; path = FocusriteSaffireProfile.hpp; sourceTree = "<group>"; };
		49F3854D5B3FC947FDC696EA /* ADKVirtualAudioLab.dext */ = {isa = PBXFileReference; explicitFileType = "wrapper.driver-extension"; includeInIndex = 0; path = ADKVirtualAudioLab.dext; sourceTree = BUILT_PRODUCTS_DIR; };
		573D1877FC2FF66DD01B9B5D /* PacketDump.hpp */ = {isa = PBXFileReference; lastKnownFileType = sourcecode.cpp.h; path = PacketDump.hpp; sourceTree = "<group>"; };
		693D212744142077CEBA5767 /* DiceStreamConfig.hpp */ = {isa = PBXFileReference; lastKnownFileType = sourcecode.cpp.h; path = DiceStreamConfig.hpp; sourceTree = "<group>"; };
		6C74C2C5A0C315A6D4D50152 /* DiceQuirks.hpp */ = {isa = PBXFileReference; lastKnownFileType = sourcecode.cpp.h; path = DiceQuirks.hpp; sourceTree = "<group>"; };
		6F40444DC0383BB12E572F71 /* AmdtpTxPacketizer.hpp */ = {isa = PBXFileReference; lastKnownFileType = sourcecode.cpp.h; path = AmdtpTxPacketizer.hpp; sourceTree = "<group>"; };
		7271E3DE2595C4EA102D0156 /* Syt.hpp */ = {isa = PBXFileReference; lastKnownFileType = sourcecode.cpp.h; path = Syt.hpp; sourceTree = "<group>"; };
		781248CCCA29C9637A2C9426 /* IAmdtpTxSlotProvider.hpp */ = {isa = PBXFileReference; lastKnownFileType = sourcecode.cpp.h; path = IAmdtpTxSlotProvider.hpp; sourceTree = "<group>"; };
		7F642191F7B12CDC68278A4D /* GenericDiceProfile.hpp */ = {isa = PBXFileReference; lastKnownFileType = sourcecode.cpp.h; path = GenericDiceProfile.hpp; sourceTree = "<group>"; };
		86D8F3811CD2B523E33D7B53 /* DbcCounter.hpp */ = {isa = PBXFileReference; lastKnownFileType = sourcecode.cpp.h; path = DbcCounter.hpp; sourceTree = "<group>"; };
		87436CE15D4B6CC4721976A6 /* DiceProfileRegistry.hpp */ = {isa = PBXFileReference; lastKnownFileType = sourcecode.cpp.h; path = DiceProfileRegistry.hpp; sourceTree = "<group>"; };
		8827C2DDA4B557A44B7720A4 /* AmdtpCadence.hpp */ = {isa = PBXFileReference; lastKnownFileType = sourcecode.cpp.h; path = AmdtpCadence.hpp; sourceTree = "<group>"; };
		915B0E41797678979AAFA6EC /* AudioIOPath.hpp */ = {isa = PBXFileReference; lastKnownFileType = sourcecode.cpp.h; path = AudioIOPath.hpp; sourceTree = "<group>"; };
		940DA4879256DA6D5825A5A3 /* AmdtpPayloadWriter.hpp */ = {isa = PBXFileReference; lastKnownFileType = sourcecode.cpp.h; path = AmdtpPayloadWriter.hpp; sourceTree = "<group>"; };
		9D20832321DF912A94CDC8ED /* VirtualAudioDriver.cpp */ = {isa = PBXFileReference; lastKnownFileType = sourcecode.cpp.cpp; path = VirtualAudioDriver.cpp; sourceTree = "<group>"; };
		A2310201EC2DA9F5FEE095C5 /* ADKVirtualAudioLabTests */ = {isa = PBXFileReference; includeInIndex = 0; path = ADKVirtualAudioLabTests; sourceTree = BUILT_PRODUCTS_DIR; };
		A80F431F4AE6625A40ADA29B /* Stubs.cpp */ = {isa = PBXFileReference; lastKnownFileType = sourcecode.cpp.cpp; path = Stubs.cpp; sourceTree = "<group>"; };
		AEA3189C244749425412298F /* VirtualAudioDevice.cpp */ = {isa = PBXFileReference; lastKnownFileType = sourcecode.cpp.cpp; path = VirtualAudioDevice.cpp; sourceTree = "<group>"; };
		BC394411F143B7D6E3CDCF3E /* Info.plist */ = {isa = PBXFileReference; lastKnownFileType = text.plist; path = Info.plist; sourceTree = "<group>"; };
		C4C1A730D808CE888B906820 /* VirtualAudioDriver.iig */ = {isa = PBXFileReference; lastKnownFileType = sourcecode.iig; path = VirtualAudioDriver.iig; sourceTree = "<group>"; };
		D47003039019C314E18F8AAF /* VirtualAudioDevice.iig */ = {isa = PBXFileReference; lastKnownFileType = sourcecode.iig; path = VirtualAudioDevice.iig; sourceTree = "<group>"; };
		DC1736CB8ECF46A55FF7AB8C /* PcmSlotCodec.hpp */ = {isa = PBXFileReference; lastKnownFileType = sourcecode.cpp.h; path = PcmSlotCodec.hpp; sourceTree = "<group>"; };
		DFB926773D107D078EC7AC43 /* VirtualAudioDeviceController.hpp */ = {isa = PBXFileReference; lastKnownFileType = sourcecode.cpp.h; path = VirtualAudioDeviceController.hpp; sourceTree = "<group>"; };
		E5702E099D898D2F38A9880F /* DiceTxStreamEngine.hpp */ = {isa = PBXFileReference; lastKnownFileType = sourcecode.cpp.h; path = DiceTxStreamEngine.hpp; sourceTree = "<group>"; };
		EE82D1FA2D36BBCFF338D1D1 /* CipHeader.hpp */ = {isa = PBXFileReference; lastKnownFileType = sourcecode.cpp.h; path = CipHeader.hpp; sourceTree = "<group>"; };
		F740803A58230826529A6CC2 /* AmdtpPacketTimeline.hpp */ = {isa = PBXFileReference; lastKnownFileType = sourcecode.cpp.h; path = AmdtpPacketTimeline.hpp; sourceTree = "<group>"; };
/* End PBXFileReference section */

/* Begin PBXGroup section */
		0B7F46F7BFD994F422F171F1 /* Profiles */ = {
			isa = PBXGroup;
			children = (
				406CAFCE0740646727635ED3 /* FocusriteSaffireProfile.hpp */,
				7F642191F7B12CDC68278A4D /* GenericDiceProfile.hpp */,
			);
			path = Profiles;
			sourceTree = "<group>";
		};
		0D89D6ACDD46F945896075AF /* Tests */ = {
			isa = PBXGroup;
			children = (
			);
			name = Tests;
			path = ADKVirtualAudioLab/Tests;
			sourceTree = "<group>";
		};
		11AF0816793B5C56E7DB1890 /* Protocols */ = {
			isa = PBXGroup;
			children = (
				58C2E5165A5244F24FB04025 /* Audio */,
			);
			path = Protocols;
			sourceTree = "<group>";
		};
		5375CC817D04D20288789E49 /* Lab */ = {
			isa = PBXGroup;
			children = (
				0DD09F24EAA4A53D77DDA708 /* FakeIsochTxSlotProvider.hpp */,
				573D1877FC2FF66DD01B9B5D /* PacketDump.hpp */,
			);
			path = Lab;
			sourceTree = "<group>";
		};
		58C2E5165A5244F24FB04025 /* Audio */ = {
			isa = PBXGroup;
			children = (
				D2277713DFBE90E11F07DF5D /* AMDTP */,
				9EEFAF9F34614F8A6D2E0FF7 /* DICE */,
				C513CD25ACB41F42B659FAB2 /* IEC61883 */,
			);
			path = Audio;
			sourceTree = "<group>";
		};
		5C1ED7D858D1B30510A870A6 /* Products */ = {
			isa = PBXGroup;
			children = (
				49F3854D5B3FC947FDC696EA /* ADKVirtualAudioLab.dext */,
				A2310201EC2DA9F5FEE095C5 /* ADKVirtualAudioLabTests */,
			);
			name = Products;
			sourceTree = "<group>";
		};
		8E37CF5CE54065FE688BFADA /* ADKVirtualAudioLab */ = {
			isa = PBXGroup;
			children = (
				BC394411F143B7D6E3CDCF3E /* Info.plist */,
				A3A71B4D4E2D2EEC5E58B74B /* Driver */,
				5375CC817D04D20288789E49 /* Lab */,
				11AF0816793B5C56E7DB1890 /* Protocols */,
			);
			path = ADKVirtualAudioLab;
			sourceTree = "<group>";
		};
		9EEFAF9F34614F8A6D2E0FF7 /* DICE */ = {
			isa = PBXGroup;
			children = (
				3705A4C0574FF90F6FD2A322 /* DiceDeviceProfile.hpp */,
				87436CE15D4B6CC4721976A6 /* DiceProfileRegistry.hpp */,
				6C74C2C5A0C315A6D4D50152 /* DiceQuirks.hpp */,
				693D212744142077CEBA5767 /* DiceStreamConfig.hpp */,
				E5702E099D898D2F38A9880F /* DiceTxStreamEngine.hpp */,
				0B7F46F7BFD994F422F171F1 /* Profiles */,
			);
			path = DICE;
			sourceTree = "<group>";
		};
		A3A71B4D4E2D2EEC5E58B74B /* Driver */ = {
			isa = PBXGroup;
			children = (
				915B0E41797678979AAFA6EC /* AudioIOPath.hpp */,
				A80F431F4AE6625A40ADA29B /* Stubs.cpp */,
				AEA3189C244749425412298F /* VirtualAudioDevice.cpp */,
				D47003039019C314E18F8AAF /* VirtualAudioDevice.iig */,
				DFB926773D107D078EC7AC43 /* VirtualAudioDeviceController.hpp */,
				9D20832321DF912A94CDC8ED /* VirtualAudioDriver.cpp */,
				C4C1A730D808CE888B906820 /* VirtualAudioDriver.iig */,
			);
			path = Driver;
			sourceTree = "<group>";
		};
		C513CD25ACB41F42B659FAB2 /* IEC61883 */ = {
			isa = PBXGroup;
			children = (
				EE82D1FA2D36BBCFF338D1D1 /* CipHeader.hpp */,
				86D8F3811CD2B523E33D7B53 /* DbcCounter.hpp */,
				7271E3DE2595C4EA102D0156 /* Syt.hpp */,
			);
			path = IEC61883;
			sourceTree = "<group>";
		};
		D2277713DFBE90E11F07DF5D /* AMDTP */ = {
			isa = PBXGroup;
			children = (
				8827C2DDA4B557A44B7720A4 /* AmdtpCadence.hpp */,
				F740803A58230826529A6CC2 /* AmdtpPacketTimeline.hpp */,
				940DA4879256DA6D5825A5A3 /* AmdtpPayloadWriter.hpp */,
				6F40444DC0383BB12E572F71 /* AmdtpTxPacketizer.hpp */,
				0B6D9BDFE3AB142003F97144 /* AmdtpTypes.hpp */,
				781248CCCA29C9637A2C9426 /* IAmdtpTxSlotProvider.hpp */,
				DC1736CB8ECF46A55FF7AB8C /* PcmSlotCodec.hpp */,
			);
			path = AMDTP;
			sourceTree = "<group>";
		};
		D64F141DDD093B4A6538E7BE = {
			isa = PBXGroup;
			children = (
				8E37CF5CE54065FE688BFADA /* ADKVirtualAudioLab */,
				0D89D6ACDD46F945896075AF /* Tests */,
				5C1ED7D858D1B30510A870A6 /* Products */,
			);
			sourceTree = "<group>";
		};
/* End PBXGroup section */

/* Begin PBXNativeTarget section */
		81ED7FB6382D88993591BD7F /* ADKVirtualAudioLabTests */ = {
			isa = PBXNativeTarget;
			buildConfigurationList = BFFF6BF77E2FFB982DEAF7EC /* Build configuration list for PBXNativeTarget "ADKVirtualAudioLabTests" */;
			buildPhases = (
				B087F2BA68FAE3356C9F2FDE /* Sources */,
			);
			buildRules = (
			);
			dependencies = (
			);
			name = ADKVirtualAudioLabTests;
			packageProductDependencies = (
			);
			productName = ADKVirtualAudioLabTests;
			productReference = A2310201EC2DA9F5FEE095C5 /* ADKVirtualAudioLabTests */;
			productType = "com.apple.product-type.tool";
		};
		FF0A3C331E6BC8B19EF0F37B /* ADKVirtualAudioLab */ = {
			isa = PBXNativeTarget;
			buildConfigurationList = 761B9263F9155EE7B5D1F7C3 /* Build configuration list for PBXNativeTarget "ADKVirtualAudioLab" */;
			buildPhases = (
				428783D9C0DF02DAE1357EE2 /* Sources */,
			);
			buildRules = (
			);
			dependencies = (
			);
			name = ADKVirtualAudioLab;
			packageProductDependencies = (
			);
			productName = ADKVirtualAudioLab;
			productReference = 49F3854D5B3FC947FDC696EA /* ADKVirtualAudioLab.dext */;
			productType = "com.apple.product-type.driver-extension";
		};
/* End PBXNativeTarget section */

/* Begin PBXProject section */
		1E57B8D5FBBCC5728F32A17C /* Project object */ = {
			isa = PBXProject;
			attributes = {
				BuildIndependentTargetsInParallel = YES;
				LastUpgradeCheck = 1430;
				TargetAttributes = {
				};
			};
			buildConfigurationList = A26F555E33F3EE2EC2031B92 /* Build configuration list for PBXProject "ADKVirtualAudioLab" */;
			developmentRegion = en;
			hasScannedForEncodings = 0;
			knownRegions = (
				Base,
				en,
			);
			mainGroup = D64F141DDD093B4A6538E7BE;
			minimizedProjectReferenceProxies = 1;
			preferredProjectObjectVersion = 77;
			productRefGroup = 5C1ED7D858D1B30510A870A6 /* Products */;
			projectDirPath = "";
			projectRoot = "";
			targets = (
				FF0A3C331E6BC8B19EF0F37B /* ADKVirtualAudioLab */,
				81ED7FB6382D88993591BD7F /* ADKVirtualAudioLabTests */,
			);
		};
/* End PBXProject section */

/* Begin PBXSourcesBuildPhase section */
		428783D9C0DF02DAE1357EE2 /* Sources */ = {
			isa = PBXSourcesBuildPhase;
			buildActionMask = 2147483647;
			files = (
				A359F9C03A9BA074926408DC /* Stubs.cpp in Sources */,
				5D24C629F7B7C79EAAEF093E /* VirtualAudioDevice.cpp in Sources */,
				60C33152962A4A4DD544668C /* VirtualAudioDevice.iig in Sources */,
				82FE5B3A9F7AA66D23FB7A79 /* VirtualAudioDriver.cpp in Sources */,
				45E4F44ECE571F2658481BDD /* VirtualAudioDriver.iig in Sources */,
			);
			runOnlyForDeploymentPostprocessing = 0;
		};
		B087F2BA68FAE3356C9F2FDE /* Sources */ = {
			isa = PBXSourcesBuildPhase;
			buildActionMask = 2147483647;
			files = (
			);
			runOnlyForDeploymentPostprocessing = 0;
		};
/* End PBXSourcesBuildPhase section */

/* Begin XCBuildConfiguration section */
		2D30EFF84835C712AF79982E /* Release */ = {
			isa = XCBuildConfiguration;
			buildSettings = {
				CLANG_CXX_LANGUAGE_STANDARD = "gnu++2b";
				COMBINE_HIDPI_IMAGES = YES;
				LD_RUNPATH_SEARCH_PATHS = (
					"$(inherited)",
					"@executable_path/../Frameworks",
				);
				MACOSX_DEPLOYMENT_TARGET = 15.0;
				PRODUCT_BUNDLE_IDENTIFIER = net.mrmidi.ASFW.ADKVirtualAudioLabTests;
				SDKROOT = macosx;
			};
			name = Release;
		};
		6964A13111953C6B28659328 /* Debug */ = {
			isa = XCBuildConfiguration;
			buildSettings = {
				CLANG_CXX_LANGUAGE_STANDARD = "gnu++2b";
				COMBINE_HIDPI_IMAGES = YES;
				LD_RUNPATH_SEARCH_PATHS = (
					"$(inherited)",
					"@executable_path/../Frameworks",
				);
				MACOSX_DEPLOYMENT_TARGET = 15.0;
				PRODUCT_BUNDLE_IDENTIFIER = net.mrmidi.ASFW.ADKVirtualAudioLabTests;
				SDKROOT = macosx;
			};
			name = Debug;
		};
		9827EC4EFACF3C3678E31826 /* Release */ = {
			isa = XCBuildConfiguration;
			buildSettings = {
				ALWAYS_SEARCH_USER_PATHS = NO;
				CLANG_ANALYZER_NONNULL = YES;
				CLANG_ANALYZER_NUMBER_OBJECT_CONVERSION = YES_AGGRESSIVE;
				CLANG_CXX_LANGUAGE_STANDARD = "gnu++14";
				CLANG_CXX_LIBRARY = "libc++";
				CLANG_ENABLE_MODULES = YES;
				CLANG_ENABLE_OBJC_ARC = YES;
				CLANG_ENABLE_OBJC_WEAK = YES;
				CLANG_WARN_BLOCK_CAPTURE_AUTORELEASING = YES;
				CLANG_WARN_BOOL_CONVERSION = YES;
				CLANG_WARN_COMMA = YES;
				CLANG_WARN_CONSTANT_CONVERSION = YES;
				CLANG_WARN_DEPRECATED_OBJC_IMPLEMENTATIONS = YES;
				CLANG_WARN_DIRECT_OBJC_ISA_USAGE = YES_ERROR;
				CLANG_WARN_DOCUMENTATION_COMMENTS = YES;
				CLANG_WARN_EMPTY_BODY = YES;
				CLANG_WARN_ENUM_CONVERSION = YES;
				CLANG_WARN_INFINITE_RECURSION = YES;
				CLANG_WARN_INT_CONVERSION = YES;
				CLANG_WARN_NON_LITERAL_NULL_CONVERSION = YES;
				CLANG_WARN_OBJC_IMPLICIT_RETAIN_SELF = YES;
				CLANG_WARN_OBJC_LITERAL_CONVERSION = YES;
				CLANG_WARN_OBJC_ROOT_CLASS = YES_ERROR;
				CLANG_WARN_QUOTED_INCLUDE_IN_FRAMEWORK_HEADER = YES;
				CLANG_WARN_RANGE_LOOP_ANALYSIS = YES;
				CLANG_WARN_STRICT_PROTOTYPES = YES;
				CLANG_WARN_SUSPICIOUS_MOVE = YES;
				CLANG_WARN_UNGUARDED_AVAILABILITY = YES_AGGRESSIVE;
				CLANG_WARN_UNREACHABLE_CODE = YES;
				CLANG_WARN__DUPLICATE_METHOD_MATCH = YES;
				COPY_PHASE_STRIP = NO;
				DEBUG_INFORMATION_FORMAT = "dwarf-with-dsym";
				ENABLE_NS_ASSERTIONS = NO;
				ENABLE_STRICT_OBJC_MSGSEND = YES;
				GCC_C_LANGUAGE_STANDARD = gnu11;
				GCC_NO_COMMON_BLOCKS = YES;
				GCC_WARN_64_TO_32_BIT_CONVERSION = YES;
				GCC_WARN_ABOUT_RETURN_TYPE = YES_ERROR;
				GCC_WARN_UNDECLARED_SELECTOR = YES;
				GCC_WARN_UNINITIALIZED_AUTOS = YES_AGGRESSIVE;
				GCC_WARN_UNUSED_FUNCTION = YES;
				GCC_WARN_UNUSED_VARIABLE = YES;
				MTL_ENABLE_DEBUG_INFO = NO;
				MTL_FAST_MATH = YES;
				PRODUCT_NAME = "$(TARGET_NAME)";
				SDKROOT = macosx;
				SWIFT_COMPILATION_MODE = wholemodule;
				SWIFT_OPTIMIZATION_LEVEL = "-O";
				SWIFT_VERSION = 5.0;
			};
			name = Release;
		};
		A9F62B59FEBD85BCCEC5A221 /* Debug */ = {
			isa = XCBuildConfiguration;
			buildSettings = {
				CLANG_CXX_LANGUAGE_STANDARD = "gnu++2b";
				CODE_SIGNING_ALLOWED = NO;
				CODE_SIGNING_REQUIRED = NO;
				CODE_SIGN_ENTITLEMENTS = "";
				CODE_SIGN_IDENTITY = "";
				COMBINE_HIDPI_IMAGES = YES;
				DEXT_INSTALL_PATH = /System/Library/DriverExtensions;
				FRAMEWORK_SEARCH_PATHS = "$(SDKROOT)/System/DriverKit/System/Library/Frameworks";
				INFOPLIST_FILE = ADKVirtualAudioLab/Info.plist;
				LD_RUNPATH_SEARCH_PATHS = (
					"$(inherited)",
					"@executable_path/../Frameworks",
				);
				MACOSX_DEPLOYMENT_TARGET = 15.0;
				OTHER_LDFLAGS = "-framework DriverKit -framework AudioDriverKit";
				PRODUCT_BUNDLE_IDENTIFIER = net.mrmidi.ASFW.ADKVirtualAudioLab;
				SDKROOT = driverkit;
			};
			name = Debug;
		};
		E0739F3DBC89E7A7396A0C82 /* Debug */ = {
			isa = XCBuildConfiguration;
			buildSettings = {
				ALWAYS_SEARCH_USER_PATHS = NO;
				CLANG_ANALYZER_NONNULL = YES;
				CLANG_ANALYZER_NUMBER_OBJECT_CONVERSION = YES_AGGRESSIVE;
				CLANG_CXX_LANGUAGE_STANDARD = "gnu++14";
				CLANG_CXX_LIBRARY = "libc++";
				CLANG_ENABLE_MODULES = YES;
				CLANG_ENABLE_OBJC_ARC = YES;
				CLANG_ENABLE_OBJC_WEAK = YES;
				CLANG_WARN_BLOCK_CAPTURE_AUTORELEASING = YES;
				CLANG_WARN_BOOL_CONVERSION = YES;
				CLANG_WARN_COMMA = YES;
				CLANG_WARN_CONSTANT_CONVERSION = YES;
				CLANG_WARN_DEPRECATED_OBJC_IMPLEMENTATIONS = YES;
				CLANG_WARN_DIRECT_OBJC_ISA_USAGE = YES_ERROR;
				CLANG_WARN_DOCUMENTATION_COMMENTS = YES;
				CLANG_WARN_EMPTY_BODY = YES;
				CLANG_WARN_ENUM_CONVERSION = YES;
				CLANG_WARN_INFINITE_RECURSION = YES;
				CLANG_WARN_INT_CONVERSION = YES;
				CLANG_WARN_NON_LITERAL_NULL_CONVERSION = YES;
				CLANG_WARN_OBJC_IMPLICIT_RETAIN_SELF = YES;
				CLANG_WARN_OBJC_LITERAL_CONVERSION = YES;
				CLANG_WARN_OBJC_ROOT_CLASS = YES_ERROR;
				CLANG_WARN_QUOTED_INCLUDE_IN_FRAMEWORK_HEADER = YES;
				CLANG_WARN_RANGE_LOOP_ANALYSIS = YES;
				CLANG_WARN_STRICT_PROTOTYPES = YES;
				CLANG_WARN_SUSPICIOUS_MOVE = YES;
				CLANG_WARN_UNGUARDED_AVAILABILITY = YES_AGGRESSIVE;
				CLANG_WARN_UNREACHABLE_CODE = YES;
				CLANG_WARN__DUPLICATE_METHOD_MATCH = YES;
				COPY_PHASE_STRIP = NO;
				DEBUG_INFORMATION_FORMAT = dwarf;
				ENABLE_STRICT_OBJC_MSGSEND = YES;
				ENABLE_TESTABILITY = YES;
				GCC_C_LANGUAGE_STANDARD = gnu11;
				GCC_DYNAMIC_NO_PIC = NO;
				GCC_NO_COMMON_BLOCKS = YES;
				GCC_OPTIMIZATION_LEVEL = 0;
				GCC_PREPROCESSOR_DEFINITIONS = (
					"$(inherited)",
					"DEBUG=1",
				);
				GCC_WARN_64_TO_32_BIT_CONVERSION = YES;
				GCC_WARN_ABOUT_RETURN_TYPE = YES_ERROR;
				GCC_WARN_UNDECLARED_SELECTOR = YES;
				GCC_WARN_UNINITIALIZED_AUTOS = YES_AGGRESSIVE;
				GCC_WARN_UNUSED_FUNCTION = YES;
				GCC_WARN_UNUSED_VARIABLE = YES;
				MTL_ENABLE_DEBUG_INFO = INCLUDE_SOURCE;
				MTL_FAST_MATH = YES;
				ONLY_ACTIVE_ARCH = YES;
				PRODUCT_NAME = "$(TARGET_NAME)";
				SDKROOT = macosx;
				SWIFT_ACTIVE_COMPILATION_CONDITIONS = DEBUG;
				SWIFT_OPTIMIZATION_LEVEL = "-Onone";
				SWIFT_VERSION = 5.0;
			};
			name = Debug;
		};
		FA7DC9E81D7C17C2D753A001 /* Release */ = {
			isa = XCBuildConfiguration;
			buildSettings = {
				CLANG_CXX_LANGUAGE_STANDARD = "gnu++2b";
				CODE_SIGNING_ALLOWED = NO;
				CODE_SIGNING_REQUIRED = NO;
				CODE_SIGN_ENTITLEMENTS = "";
				CODE_SIGN_IDENTITY = "";
				COMBINE_HIDPI_IMAGES = YES;
				DEXT_INSTALL_PATH = /System/Library/DriverExtensions;
				FRAMEWORK_SEARCH_PATHS = "$(SDKROOT)/System/DriverKit/System/Library/Frameworks";
				INFOPLIST_FILE = ADKVirtualAudioLab/Info.plist;
				LD_RUNPATH_SEARCH_PATHS = (
					"$(inherited)",
					"@executable_path/../Frameworks",
				);
				MACOSX_DEPLOYMENT_TARGET = 15.0;
				OTHER_LDFLAGS = "-framework DriverKit -framework AudioDriverKit";
				PRODUCT_BUNDLE_IDENTIFIER = net.mrmidi.ASFW.ADKVirtualAudioLab;
				SDKROOT = driverkit;
			};
			name = Release;
		};
/* End XCBuildConfiguration section */

/* Begin XCConfigurationList section */
		761B9263F9155EE7B5D1F7C3 /* Build configuration list for PBXNativeTarget "ADKVirtualAudioLab" */ = {
			isa = XCConfigurationList;
			buildConfigurations = (
				A9F62B59FEBD85BCCEC5A221 /* Debug */,
				FA7DC9E81D7C17C2D753A001 /* Release */,
			);
			defaultConfigurationIsVisible = 0;
			defaultConfigurationName = Debug;
		};
		A26F555E33F3EE2EC2031B92 /* Build configuration list for PBXProject "ADKVirtualAudioLab" */ = {
			isa = XCConfigurationList;
			buildConfigurations = (
				E0739F3DBC89E7A7396A0C82 /* Debug */,
				9827EC4EFACF3C3678E31826 /* Release */,
			);
			defaultConfigurationIsVisible = 0;
			defaultConfigurationName = Debug;
		};
		BFFF6BF77E2FFB982DEAF7EC /* Build configuration list for PBXNativeTarget "ADKVirtualAudioLabTests" */ = {
			isa = XCConfigurationList;
			buildConfigurations = (
				6964A13111953C6B28659328 /* Debug */,
				2D30EFF84835C712AF79982E /* Release */,
			);
			defaultConfigurationIsVisible = 0;
			defaultConfigurationName = Debug;
		};
/* End XCConfigurationList section */
	};
	rootObject = 1E57B8D5FBBCC5728F32A17C /* Project object */;
}
