// !$*UTF8*$!
{
	archiveVersion = 1;
	classes = {
	};
	objectVersion = 77;
	objects = {

/* Begin PBXBuildFile section */
		3A034C032E5A76A200CC8C61 /* SystemExtensions.framework in Frameworks */ = {isa = PBXBuildFile; fileRef = 3A034C022E5A76A200CC8C61 /* SystemExtensions.framework */; };
		3A034C6C2E5B160900CC8C61 /* PCIDriverKit.framework in Frameworks */ = {isa = PBXBuildFile; fileRef = 3A034C6B2E5B160900CC8C61 /* PCIDriverKit.framework */; };
		3A7C30612E5A40FD004F0DAF /* DriverKit.framework in Frameworks */ = {isa = PBXBuildFile; fileRef = 3A7C30602E5A40FD004F0DAF /* DriverKit.framework */; };
		3A7C306A2E5A40FD004F0DAF /* net.mrmidi.ASFireWire.ASOHCI.dext in Embed System Extensions */ = {isa = PBXBuildFile; fileRef = 3A7C305E2E5A40FD004F0DAF /* net.mrmidi.ASFireWire.ASOHCI.dext */; settings = {ATTRIBUTES = (RemoveHeadersOnCopy, ); }; };
/* End PBXBuildFile section */

/* Begin PBXContainerItemProxy section */
		3A7C303D2E5A40E6004F0DAF /* PBXContainerItemProxy */ = {
			isa = PBXContainerItemProxy;
			containerPortal = 3A7C30252E5A40E3004F0DAF /* Project object */;
			proxyType = 1;
			remoteGlobalIDString = 3A7C302C2E5A40E3004F0DAF;
			remoteInfo = ASFireWire;
		};
		3A7C30472E5A40E6004F0DAF /* PBXContainerItemProxy */ = {
			isa = PBXContainerItemProxy;
			containerPortal = 3A7C30252E5A40E3004F0DAF /* Project object */;
			proxyType = 1;
			remoteGlobalIDString = 3A7C302C2E5A40E3004F0DAF;
			remoteInfo = ASFireWire;
		};
		3A7C30682E5A40FD004F0DAF /* PBXContainerItemProxy */ = {
			isa = PBXContainerItemProxy;
			containerPortal = 3A7C30252E5A40E3004F0DAF /* Project object */;
			proxyType = 1;
			remoteGlobalIDString = 3A7C305D2E5A40FD004F0DAF;
			remoteInfo = ASOHCI;
		};
/* End PBXContainerItemProxy section */

/* Begin PBXCopyFilesBuildPhase section */
		3A7C306F2E5A40FD004F0DAF /* Embed System Extensions */ = {
			isa = PBXCopyFilesBuildPhase;
			buildActionMask = 2147483647;
			dstPath = "$(SYSTEM_EXTENSIONS_FOLDER_PATH)";
			dstSubfolderSpec = 16;
			files = (
				3A7C306A2E5A40FD004F0DAF /* net.mrmidi.ASFireWire.ASOHCI.dext in Embed System Extensions */,
			);
			name = "Embed System Extensions";
			runOnlyForDeploymentPostprocessing = 0;
		};
/* End PBXCopyFilesBuildPhase section */

/* Begin PBXFileReference section */
		3A034C022E5A76A200CC8C61 /* SystemExtensions.framework */ = {isa = PBXFileReference; lastKnownFileType = wrapper.framework; name = SystemExtensions.framework; path = System/Library/Frameworks/SystemExtensions.framework; sourceTree = SDKROOT; };
		3A034C6B2E5B160900CC8C61 /* PCIDriverKit.framework */ = {isa = PBXFileReference; lastKnownFileType = wrapper.framework; name = PCIDriverKit.framework; path = Platforms/DriverKit.platform/Developer/SDKs/DriverKit25.0.sdk/System/DriverKit/System/Library/Frameworks/PCIDriverKit.framework; sourceTree = DEVELOPER_DIR; };
		3A7C302D2E5A40E3004F0DAF /* ASFireWire.app */ = {isa = PBXFileReference; explicitFileType = wrapper.application; includeInIndex = 0; path = ASFireWire.app; sourceTree = BUILT_PRODUCTS_DIR; };
		3A7C303C2E5A40E6004F0DAF /* ASFireWireTests.xctest */ = {isa = PBXFileReference; explicitFileType = wrapper.cfbundle; includeInIndex = 0; path = ASFireWireTests.xctest; sourceTree = BUILT_PRODUCTS_DIR; };
		3A7C30462E5A40E6004F0DAF /* ASFireWireUITests.xctest */ = {isa = PBXFileReference; explicitFileType = wrapper.cfbundle; includeInIndex = 0; path = ASFireWireUITests.xctest; sourceTree = BUILT_PRODUCTS_DIR; };
		3A7C305E2E5A40FD004F0DAF /* net.mrmidi.ASFireWire.ASOHCI.dext */ = {isa = PBXFileReference; explicitFileType = "wrapper.driver-extension"; includeInIndex = 0; path = net.mrmidi.ASFireWire.ASOHCI.dext; sourceTree = BUILT_PRODUCTS_DIR; };
		3A7C30602E5A40FD004F0DAF /* DriverKit.framework */ = {isa = PBXFileReference; lastKnownFileType = wrapper.framework; name = DriverKit.framework; path = System/Library/Frameworks/DriverKit.framework; sourceTree = SDKROOT; };
		3AF100012E5B999900000001 /* ASOHCI.cpp */ = {isa = PBXFileReference; lastKnownFileType = sourcecode.cpp.cpp; name = ASOHCI.cpp; path = ASOHCI/ASOHCI.cpp; sourceTree = SOURCE_ROOT; };
		3AF2000C2E5C000000000001 /* BridgeLog.cpp */ = {isa = PBXFileReference; lastKnownFileType = sourcecode.cpp.cpp; name = BridgeLog.cpp; path = ASOHCI/BridgeLog.cpp; sourceTree = SOURCE_ROOT; };
		3AF2000E2E5C000000000001 /* SelfIDParser.cpp */ = {isa = PBXFileReference; lastKnownFileType = sourcecode.cpp.cpp; name = SelfIDParser.cpp; path = ASOHCI/SelfIDParser.cpp; sourceTree = SOURCE_ROOT; };
		3AF300002E5C0FFF00000001 /* PhyAccess.cpp */ = {isa = PBXFileReference; lastKnownFileType = sourcecode.cpp.cpp; name = PhyAccess.cpp; path = ASOHCI/PhyAccess.cpp; sourceTree = SOURCE_ROOT; };
		3AF400012E5D000000000001 /* ASOHCIARContext.cpp */ = {isa = PBXFileReference; lastKnownFileType = sourcecode.cpp.cpp; name = ASOHCIARContext.cpp; path = ASOHCI/ASOHCIARContext.cpp; sourceTree = SOURCE_ROOT; };
		3AF500012E5D000000000001 /* ASOHCIATContext.cpp */ = {isa = PBXFileReference; lastKnownFileType = sourcecode.cpp.cpp; name = ASOHCIATContext.cpp; path = ASOHCI/ASOHCIATContext.cpp; sourceTree = SOURCE_ROOT; };
		3AF600012E5D200000000001 /* ASOHCIInterruptDump.cpp */ = {isa = PBXFileReference; lastKnownFileType = sourcecode.cpp.cpp; name = ASOHCIInterruptDump.cpp; path = ASOHCI/ASOHCIInterruptDump.cpp; sourceTree = SOURCE_ROOT; };
		3AF600022E5D200000000002 /* ASOHCIInterruptDump.hpp */ = {isa = PBXFileReference; lastKnownFileType = sourcecode.cpp.h; name = ASOHCIInterruptDump.hpp; path = ASOHCI/ASOHCIInterruptDump.hpp; sourceTree = SOURCE_ROOT; };
		3AF700012E5D300000000001 /* ASOHCIConfigROM.cpp */ = {isa = PBXFileReference; lastKnownFileType = sourcecode.cpp.cpp; name = ASOHCIConfigROM.cpp; path = ASOHCI/ASOHCIConfigROM.cpp; sourceTree = SOURCE_ROOT; };
		3AF700022E5D300000000002 /* ASOHCIConfigROM.hpp */ = {isa = PBXFileReference; lastKnownFileType = sourcecode.cpp.h; name = ASOHCIConfigROM.hpp; path = ASOHCI/ASOHCIConfigROM.hpp; sourceTree = SOURCE_ROOT; };
		3AF800012E5E000000000001 /* SelfIDDecode.cpp */ = {isa = PBXFileReference; lastKnownFileType = sourcecode.cpp.cpp; name = SelfIDDecode.cpp; path = ASOHCI/SelfIDDecode.cpp; sourceTree = SOURCE_ROOT; };
		3AF800022E5E000000000002 /* SelfIDManager.cpp */ = {isa = PBXFileReference; lastKnownFileType = sourcecode.cpp.cpp; name = SelfIDManager.cpp; path = ASOHCI/SelfIDManager.cpp; sourceTree = SOURCE_ROOT; };
		3AF800062E5E000000000006 /* ConfigROMManager.cpp */ = {isa = PBXFileReference; lastKnownFileType = sourcecode.cpp.cpp; name = ConfigROMManager.cpp; path = ASOHCI/ConfigROMManager.cpp; sourceTree = SOURCE_ROOT; };
		3AF800082E5E000000000008 /* Topology.cpp */ = {isa = PBXFileReference; lastKnownFileType = sourcecode.cpp.cpp; name = Topology.cpp; path = ASOHCI/Topology.cpp; sourceTree = SOURCE_ROOT; };
		3AF8000A2E5E00000000000A /* ConfigROMProperties.cpp */ = {isa = PBXFileReference; lastKnownFileType = sourcecode.cpp.cpp; name = ConfigROMProperties.cpp; path = ASOHCI/ConfigROMProperties.cpp; sourceTree = SOURCE_ROOT; };
/* End PBXFileReference section */

/* Begin PBXFileSystemSynchronizedBuildFileExceptionSet section */
		3A7C306B2E5A40FD004F0DAF /* Exceptions for "ASOHCI" folder in "ASOHCI" target */ = {
			isa = PBXFileSystemSynchronizedBuildFileExceptionSet;
			membershipExceptions = (
				Info.plist,
			);
			target = 3A7C305D2E5A40FD004F0DAF /* ASOHCI */;
		};
/* End PBXFileSystemSynchronizedBuildFileExceptionSet section */

/* Begin PBXFileSystemSynchronizedRootGroup section */
		3A7C302F2E5A40E3004F0DAF /* ASFireWire */ = {
			isa = PBXFileSystemSynchronizedRootGroup;
			path = ASFireWire;
			sourceTree = "<group>";
		};
		3A7C303F2E5A40E6004F0DAF /* ASFireWireTests */ = {
			isa = PBXFileSystemSynchronizedRootGroup;
			path = ASFireWireTests;
			sourceTree = "<group>";
		};
		3A7C30492E5A40E6004F0DAF /* ASFireWireUITests */ = {
			isa = PBXFileSystemSynchronizedRootGroup;
			path = ASFireWireUITests;
			sourceTree = "<group>";
		};
		3A7C30622E5A40FD004F0DAF /* ASOHCI */ = {
			isa = PBXFileSystemSynchronizedRootGroup;
			exceptions = (
				3A7C306B2E5A40FD004F0DAF /* Exceptions for "ASOHCI" folder in "ASOHCI" target */,
			);
			path = ASOHCI;
			sourceTree = "<group>";
		};
/* End PBXFileSystemSynchronizedRootGroup section */

/* Begin PBXFrameworksBuildPhase section */
		3A7C302A2E5A40E3004F0DAF /* Frameworks */ = {
			isa = PBXFrameworksBuildPhase;
			buildActionMask = 2147483647;
			files = (
				3A034C032E5A76A200CC8C61 /* SystemExtensions.framework in Frameworks */,
			);
			runOnlyForDeploymentPostprocessing = 0;
		};
		3A7C30392E5A40E6004F0DAF /* Frameworks */ = {
			isa = PBXFrameworksBuildPhase;
			buildActionMask = 2147483647;
			files = (
			);
			runOnlyForDeploymentPostprocessing = 0;
		};
		3A7C30432E5A40E6004F0DAF /* Frameworks */ = {
			isa = PBXFrameworksBuildPhase;
			buildActionMask = 2147483647;
			files = (
			);
			runOnlyForDeploymentPostprocessing = 0;
		};
		3A7C305B2E5A40FD004F0DAF /* Frameworks */ = {
			isa = PBXFrameworksBuildPhase;
			buildActionMask = 2147483647;
			files = (
				3A034C6C2E5B160900CC8C61 /* PCIDriverKit.framework in Frameworks */,
				3A7C30612E5A40FD004F0DAF /* DriverKit.framework in Frameworks */,
			);
			runOnlyForDeploymentPostprocessing = 0;
		};
/* End PBXFrameworksBuildPhase section */

/* Begin PBXGroup section */
		3A1ECF2D2E5E49A2002C93AA /* Recovered References */ = {
			isa = PBXGroup;
			children = (
				3AF100012E5B999900000001 /* ASOHCI.cpp */,
				3AF2000C2E5C000000000001 /* BridgeLog.cpp */,
				3AF2000E2E5C000000000001 /* SelfIDParser.cpp */,
				3AF300002E5C0FFF00000001 /* PhyAccess.cpp */,
				3AF400012E5D000000000001 /* ASOHCIARContext.cpp */,
				3AF500012E5D000000000001 /* ASOHCIATContext.cpp */,
				3AF600012E5D200000000001 /* ASOHCIInterruptDump.cpp */,
				3AF600022E5D200000000002 /* ASOHCIInterruptDump.hpp */,
				3AF700012E5D300000000001 /* ASOHCIConfigROM.cpp */,
				3AF700022E5D300000000002 /* ASOHCIConfigROM.hpp */,
				3AF800012E5E000000000001 /* SelfIDDecode.cpp */,
				3AF800022E5E000000000002 /* SelfIDManager.cpp */,
				3AF800062E5E000000000006 /* ConfigROMManager.cpp */,
				3AF800082E5E000000000008 /* Topology.cpp */,
				3AF8000A2E5E00000000000A /* ConfigROMProperties.cpp */,
			);
			name = "Recovered References";
			sourceTree = "<group>";
		};
		3A7C30242E5A40E3004F0DAF = {
			isa = PBXGroup;
			children = (
				3A7C302F2E5A40E3004F0DAF /* ASFireWire */,
				3A7C303F2E5A40E6004F0DAF /* ASFireWireTests */,
				3A7C30492E5A40E6004F0DAF /* ASFireWireUITests */,
				3A7C30622E5A40FD004F0DAF /* ASOHCI */,
				3A7C305F2E5A40FD004F0DAF /* Frameworks */,
				3A7C302E2E5A40E3004F0DAF /* Products */,
				3A1ECF2D2E5E49A2002C93AA /* Recovered References */,
			);
			sourceTree = "<group>";
		};
		3A7C302E2E5A40E3004F0DAF /* Products */ = {
			isa = PBXGroup;
			children = (
				3A7C302D2E5A40E3004F0DAF /* ASFireWire.app */,
				3A7C303C2E5A40E6004F0DAF /* ASFireWireTests.xctest */,
				3A7C30462E5A40E6004F0DAF /* ASFireWireUITests.xctest */,
				3A7C305E2E5A40FD004F0DAF /* net.mrmidi.ASFireWire.ASOHCI.dext */,
			);
			name = Products;
			sourceTree = "<group>";
		};
		3A7C305F2E5A40FD004F0DAF /* Frameworks */ = {
			isa = PBXGroup;
			children = (
				3A034C6B2E5B160900CC8C61 /* PCIDriverKit.framework */,
				3A034C022E5A76A200CC8C61 /* SystemExtensions.framework */,
				3A7C30602E5A40FD004F0DAF /* DriverKit.framework */,
			);
			name = Frameworks;
			sourceTree = "<group>";
		};
/* End PBXGroup section */

/* Begin PBXHeadersBuildPhase section */
		3A7C30592E5A40FD004F0DAF /* Headers */ = {
			isa = PBXHeadersBuildPhase;
			buildActionMask = 2147483647;
			files = (
			);
			runOnlyForDeploymentPostprocessing = 0;
		};
/* End PBXHeadersBuildPhase section */

/* Begin PBXNativeTarget section */
		3A7C302C2E5A40E3004F0DAF /* ASFireWire */ = {
			isa = PBXNativeTarget;
			buildConfigurationList = 3A7C30502E5A40E6004F0DAF /* Build configuration list for PBXNativeTarget "ASFireWire" */;
			buildPhases = (
				3A7C30292E5A40E3004F0DAF /* Sources */,
				3A7C302A2E5A40E3004F0DAF /* Frameworks */,
				3A7C302B2E5A40E3004F0DAF /* Resources */,
				3A7C306F2E5A40FD004F0DAF /* Embed System Extensions */,
			);
			buildRules = (
			);
			dependencies = (
				3A7C30692E5A40FD004F0DAF /* PBXTargetDependency */,
			);
			fileSystemSynchronizedGroups = (
				3A7C302F2E5A40E3004F0DAF /* ASFireWire */,
			);
			name = ASFireWire;
			packageProductDependencies = (
			);
			productName = ASFireWire;
			productReference = 3A7C302D2E5A40E3004F0DAF /* ASFireWire.app */;
			productType = "com.apple.product-type.application";
		};
		3A7C303B2E5A40E6004F0DAF /* ASFireWireTests */ = {
			isa = PBXNativeTarget;
			buildConfigurationList = 3A7C30532E5A40E6004F0DAF /* Build configuration list for PBXNativeTarget "ASFireWireTests" */;
			buildPhases = (
				3A7C30382E5A40E6004F0DAF /* Sources */,
				3A7C30392E5A40E6004F0DAF /* Frameworks */,
				3A7C303A2E5A40E6004F0DAF /* Resources */,
			);
			buildRules = (
			);
			dependencies = (
				3A7C303E2E5A40E6004F0DAF /* PBXTargetDependency */,
			);
			fileSystemSynchronizedGroups = (
				3A7C303F2E5A40E6004F0DAF /* ASFireWireTests */,
			);
			name = ASFireWireTests;
			packageProductDependencies = (
			);
			productName = ASFireWireTests;
			productReference = 3A7C303C2E5A40E6004F0DAF /* ASFireWireTests.xctest */;
			productType = "com.apple.product-type.bundle.unit-test";
		};
		3A7C30452E5A40E6004F0DAF /* ASFireWireUITests */ = {
			isa = PBXNativeTarget;
			buildConfigurationList = 3A7C30562E5A40E6004F0DAF /* Build configuration list for PBXNativeTarget "ASFireWireUITests" */;
			buildPhases = (
				3A7C30422E5A40E6004F0DAF /* Sources */,
				3A7C30432E5A40E6004F0DAF /* Frameworks */,
				3A7C30442E5A40E6004F0DAF /* Resources */,
			);
			buildRules = (
			);
			dependencies = (
				3A7C30482E5A40E6004F0DAF /* PBXTargetDependency */,
			);
			fileSystemSynchronizedGroups = (
				3A7C30492E5A40E6004F0DAF /* ASFireWireUITests */,
			);
			name = ASFireWireUITests;
			packageProductDependencies = (
			);
			productName = ASFireWireUITests;
			productReference = 3A7C30462E5A40E6004F0DAF /* ASFireWireUITests.xctest */;
			productType = "com.apple.product-type.bundle.ui-testing";
		};
		3A7C305D2E5A40FD004F0DAF /* ASOHCI */ = {
			isa = PBXNativeTarget;
			buildConfigurationList = 3A7C306C2E5A40FD004F0DAF /* Build configuration list for PBXNativeTarget "ASOHCI" */;
			buildPhases = (
				3A7C30592E5A40FD004F0DAF /* Headers */,
				3A31940F2E5E5ACC008A8C4D /* ShellScript */,
				3A7C305A2E5A40FD004F0DAF /* Sources */,
				3A7C305B2E5A40FD004F0DAF /* Frameworks */,
				3A7C305C2E5A40FD004F0DAF /* Resources */,
			);
			buildRules = (
			);
			dependencies = (
			);
			fileSystemSynchronizedGroups = (
				3A7C30622E5A40FD004F0DAF /* ASOHCI */,
			);
			name = ASOHCI;
			packageProductDependencies = (
			);
			productName = ASOHCI;
			productReference = 3A7C305E2E5A40FD004F0DAF /* net.mrmidi.ASFireWire.ASOHCI.dext */;
			productType = "com.apple.product-type.driver-extension";
		};
/* End PBXNativeTarget section */

/* Begin PBXProject section */
		3A7C30252E5A40E3004F0DAF /* Project object */ = {
			isa = PBXProject;
			attributes = {
				BuildIndependentTargetsInParallel = 1;
				LastSwiftUpdateCheck = 2600;
				LastUpgradeCheck = 2600;
				TargetAttributes = {
					3A7C302C2E5A40E3004F0DAF = {
						CreatedOnToolsVersion = 26.0;
					};
					3A7C303B2E5A40E6004F0DAF = {
						CreatedOnToolsVersion = 26.0;
						TestTargetID = 3A7C302C2E5A40E3004F0DAF;
					};
					3A7C30452E5A40E6004F0DAF = {
						CreatedOnToolsVersion = 26.0;
						TestTargetID = 3A7C302C2E5A40E3004F0DAF;
					};
					3A7C305D2E5A40FD004F0DAF = {
						CreatedOnToolsVersion = 26.0;
					};
				};
			};
			buildConfigurationList = 3A7C30282E5A40E3004F0DAF /* Build configuration list for PBXProject "ASFireWire" */;
			developmentRegion = en;
			hasScannedForEncodings = 0;
			knownRegions = (
				en,
				Base,
			);
			mainGroup = 3A7C30242E5A40E3004F0DAF;
			minimizedProjectReferenceProxies = 1;
			preferredProjectObjectVersion = 77;
			productRefGroup = 3A7C302E2E5A40E3004F0DAF /* Products */;
			projectDirPath = "";
			projectRoot = "";
			targets = (
				3A7C302C2E5A40E3004F0DAF /* ASFireWire */,
				3A7C303B2E5A40E6004F0DAF /* ASFireWireTests */,
				3A7C30452E5A40E6004F0DAF /* ASFireWireUITests */,
				3A7C305D2E5A40FD004F0DAF /* ASOHCI */,
			);
		};
/* End PBXProject section */

/* Begin PBXResourcesBuildPhase section */
		3A7C302B2E5A40E3004F0DAF /* Resources */ = {
			isa = PBXResourcesBuildPhase;
			buildActionMask = 2147483647;
			files = (
			);
			runOnlyForDeploymentPostprocessing = 0;
		};
		3A7C303A2E5A40E6004F0DAF /* Resources */ = {
			isa = PBXResourcesBuildPhase;
			buildActionMask = 2147483647;
			files = (
			);
			runOnlyForDeploymentPostprocessing = 0;
		};
		3A7C30442E5A40E6004F0DAF /* Resources */ = {
			isa = PBXResourcesBuildPhase;
			buildActionMask = 2147483647;
			files = (
			);
			runOnlyForDeploymentPostprocessing = 0;
		};
		3A7C305C2E5A40FD004F0DAF /* Resources */ = {
			isa = PBXResourcesBuildPhase;
			buildActionMask = 2147483647;
			files = (
			);
			runOnlyForDeploymentPostprocessing = 0;
		};
/* End PBXResourcesBuildPhase section */

/* Begin PBXShellScriptBuildPhase section */
		3A31940F2E5E5ACC008A8C4D /* ShellScript */ = {
			isa = PBXShellScriptBuildPhase;
			buildActionMask = 2147483647;
			files = (
			);
			inputFileListPaths = (
			);
			inputPaths = (
			);
			outputFileListPaths = (
			);
			outputPaths = (
				"$(DERIVED_FILE_DIR)/dummy_version_bump.txt",
			);
			runOnlyForDeploymentPostprocessing = 0;
			shellPath = /bin/sh;
			shellScript = "# Auto version bump disabled - use agvtool manually\n# Original script (commented out due to sandbox restrictions):\n# set -euo pipefail\n# cd \"${PROJECT_FILE_PATH%/*.xcodeproj}\" || true\n# agvtool bump -all\necho \"Version bump skipped - use 'xcrun agvtool bump -all' manually when needed\"\ntouch \"${DERIVED_FILE_DIR}/dummy_version_bump.txt\"\n";
		};
/* End PBXShellScriptBuildPhase section */

/* Begin PBXSourcesBuildPhase section */
		3A7C30292E5A40E3004F0DAF /* Sources */ = {
			isa = PBXSourcesBuildPhase;
			buildActionMask = 2147483647;
			files = (
			);
			runOnlyForDeploymentPostprocessing = 0;
		};
		3A7C30382E5A40E6004F0DAF /* Sources */ = {
			isa = PBXSourcesBuildPhase;
			buildActionMask = 2147483647;
			files = (
			);
			runOnlyForDeploymentPostprocessing = 0;
		};
		3A7C30422E5A40E6004F0DAF /* Sources */ = {
			isa = PBXSourcesBuildPhase;
			buildActionMask = 2147483647;
			files = (
			);
			runOnlyForDeploymentPostprocessing = 0;
		};
		3A7C305A2E5A40FD004F0DAF /* Sources */ = {
			isa = PBXSourcesBuildPhase;
			buildActionMask = 2147483647;
			files = (
			);
			runOnlyForDeploymentPostprocessing = 0;
		};
/* End PBXSourcesBuildPhase section */

/* Begin PBXTargetDependency section */
		3A7C303E2E5A40E6004F0DAF /* PBXTargetDependency */ = {
			isa = PBXTargetDependency;
			target = 3A7C302C2E5A40E3004F0DAF /* ASFireWire */;
			targetProxy = 3A7C303D2E5A40E6004F0DAF /* PBXContainerItemProxy */;
		};
		3A7C30482E5A40E6004F0DAF /* PBXTargetDependency */ = {
			isa = PBXTargetDependency;
			target = 3A7C302C2E5A40E3004F0DAF /* ASFireWire */;
			targetProxy = 3A7C30472E5A40E6004F0DAF /* PBXContainerItemProxy */;
		};
		3A7C30692E5A40FD004F0DAF /* PBXTargetDependency */ = {
			isa = PBXTargetDependency;
			target = 3A7C305D2E5A40FD004F0DAF /* ASOHCI */;
			targetProxy = 3A7C30682E5A40FD004F0DAF /* PBXContainerItemProxy */;
		};
/* End PBXTargetDependency section */

/* Begin XCBuildConfiguration section */
		3A7C304E2E5A40E6004F0DAF /* Debug */ = {
			isa = XCBuildConfiguration;
			buildSettings = {
				ALWAYS_SEARCH_USER_PATHS = NO;
				ASSETCATALOG_COMPILER_GENERATE_SWIFT_ASSET_SYMBOL_EXTENSIONS = YES;
				CLANG_ANALYZER_NONNULL = YES;
				CLANG_ANALYZER_NUMBER_OBJECT_CONVERSION = YES_AGGRESSIVE;
				CLANG_CXX_LANGUAGE_STANDARD = "gnu++20";
				CLANG_ENABLE_MODULES = YES;
				CLANG_ENABLE_OBJC_ARC = YES;
				CLANG_ENABLE_OBJC_WEAK = YES;
				CLANG_WARN_BLOCK_CAPTURE_AUTORELEASING = YES;
				CLANG_WARN_BOOL_CONVERSION = YES;
				CLANG_WARN_COMMA = YES;
				CLANG_WARN_CONSTANT_CONVERSION = YES;
				CLANG_WARN_DEPRECATED_OBJC_IMPLEMENTATIONS = YES;
				CLANG_WARN_DIRECT_OBJC_ISA_USAGE = YES_ERROR;
				CLANG_WARN_DOCUMENTATION_COMMENTS = YES;
				CLANG_WARN_EMPTY_BODY = YES;
				CLANG_WARN_ENUM_CONVERSION = YES;
				CLANG_WARN_INFINITE_RECURSION = YES;
				CLANG_WARN_INT_CONVERSION = YES;
				CLANG_WARN_NON_LITERAL_NULL_CONVERSION = YES;
				CLANG_WARN_OBJC_IMPLICIT_RETAIN_SELF = YES;
				CLANG_WARN_OBJC_LITERAL_CONVERSION = YES;
				CLANG_WARN_OBJC_ROOT_CLASS = YES_ERROR;
				CLANG_WARN_QUOTED_INCLUDE_IN_FRAMEWORK_HEADER = YES;
				CLANG_WARN_RANGE_LOOP_ANALYSIS = YES;
				CLANG_WARN_STRICT_PROTOTYPES = YES;
				CLANG_WARN_SUSPICIOUS_MOVE = YES;
				CLANG_WARN_UNGUARDED_AVAILABILITY = YES_AGGRESSIVE;
				CLANG_WARN_UNREACHABLE_CODE = YES;
				CLANG_WARN__DUPLICATE_METHOD_MATCH = YES;
				COPY_PHASE_STRIP = NO;
				CURRENT_PROJECT_VERSION = 178;
				DEBUG_INFORMATION_FORMAT = dwarf;
				DEVELOPMENT_TEAM = F6YA6B56LR;
				ENABLE_STRICT_OBJC_MSGSEND = YES;
				ENABLE_TESTABILITY = YES;
				ENABLE_USER_SCRIPT_SANDBOXING = YES;
				GCC_C_LANGUAGE_STANDARD = gnu17;
				GCC_DYNAMIC_NO_PIC = NO;
				GCC_NO_COMMON_BLOCKS = YES;
				GCC_OPTIMIZATION_LEVEL = 0;
				GCC_PREPROCESSOR_DEFINITIONS = (
					"DEBUG=1",
					"$(inherited)",
				);
				GCC_WARN_64_TO_32_BIT_CONVERSION = YES;
				GCC_WARN_ABOUT_RETURN_TYPE = YES_ERROR;
				GCC_WARN_UNDECLARED_SELECTOR = YES;
				GCC_WARN_UNINITIALIZED_AUTOS = YES_AGGRESSIVE;
				GCC_WARN_UNUSED_FUNCTION = YES;
				GCC_WARN_UNUSED_VARIABLE = YES;
				LOCALIZATION_PREFERS_STRING_CATALOGS = YES;
				MACOSX_DEPLOYMENT_TARGET = 26.0;
				MARKETING_VERSION = 1.0.0;
				MTL_ENABLE_DEBUG_INFO = INCLUDE_SOURCE;
				MTL_FAST_MATH = YES;
				ONLY_ACTIVE_ARCH = YES;
				SDKROOT = macosx;
				SWIFT_ACTIVE_COMPILATION_CONDITIONS = "DEBUG $(inherited)";
				SWIFT_OPTIMIZATION_LEVEL = "-Onone";
			};
			name = Debug;
		};
		3A7C304F2E5A40E6004F0DAF /* Release */ = {
			isa = XCBuildConfiguration;
			buildSettings = {
				ALWAYS_SEARCH_USER_PATHS = NO;
				ASSETCATALOG_COMPILER_GENERATE_SWIFT_ASSET_SYMBOL_EXTENSIONS = YES;
				CLANG_ANALYZER_NONNULL = YES;
				CLANG_ANALYZER_NUMBER_OBJECT_CONVERSION = YES_AGGRESSIVE;
				CLANG_CXX_LANGUAGE_STANDARD = "gnu++20";
				CLANG_ENABLE_MODULES = YES;
				CLANG_ENABLE_OBJC_ARC = YES;
				CLANG_ENABLE_OBJC_WEAK = YES;
				CLANG_WARN_BLOCK_CAPTURE_AUTORELEASING = YES;
				CLANG_WARN_BOOL_CONVERSION = YES;
				CLANG_WARN_COMMA = YES;
				CLANG_WARN_CONSTANT_CONVERSION = YES;
				CLANG_WARN_DEPRECATED_OBJC_IMPLEMENTATIONS = YES;
				CLANG_WARN_DIRECT_OBJC_ISA_USAGE = YES_ERROR;
				CLANG_WARN_DOCUMENTATION_COMMENTS = YES;
				CLANG_WARN_EMPTY_BODY = YES;
				CLANG_WARN_ENUM_CONVERSION = YES;
				CLANG_WARN_INFINITE_RECURSION = YES;
				CLANG_WARN_INT_CONVERSION = YES;
				CLANG_WARN_NON_LITERAL_NULL_CONVERSION = YES;
				CLANG_WARN_OBJC_IMPLICIT_RETAIN_SELF = YES;
				CLANG_WARN_OBJC_LITERAL_CONVERSION = YES;
				CLANG_WARN_OBJC_ROOT_CLASS = YES_ERROR;
				CLANG_WARN_QUOTED_INCLUDE_IN_FRAMEWORK_HEADER = YES;
				CLANG_WARN_RANGE_LOOP_ANALYSIS = YES;
				CLANG_WARN_STRICT_PROTOTYPES = YES;
				CLANG_WARN_SUSPICIOUS_MOVE = YES;
				CLANG_WARN_UNGUARDED_AVAILABILITY = YES_AGGRESSIVE;
				CLANG_WARN_UNREACHABLE_CODE = YES;
				CLANG_WARN__DUPLICATE_METHOD_MATCH = YES;
				COPY_PHASE_STRIP = NO;
				CURRENT_PROJECT_VERSION = 178;
				DEBUG_INFORMATION_FORMAT = "dwarf-with-dsym";
				DEVELOPMENT_TEAM = F6YA6B56LR;
				ENABLE_NS_ASSERTIONS = NO;
				ENABLE_STRICT_OBJC_MSGSEND = YES;
				ENABLE_USER_SCRIPT_SANDBOXING = YES;
				GCC_C_LANGUAGE_STANDARD = gnu17;
				GCC_NO_COMMON_BLOCKS = YES;
				GCC_WARN_64_TO_32_BIT_CONVERSION = YES;
				GCC_WARN_ABOUT_RETURN_TYPE = YES_ERROR;
				GCC_WARN_UNDECLARED_SELECTOR = YES;
				GCC_WARN_UNINITIALIZED_AUTOS = YES_AGGRESSIVE;
				GCC_WARN_UNUSED_FUNCTION = YES;
				GCC_WARN_UNUSED_VARIABLE = YES;
				LOCALIZATION_PREFERS_STRING_CATALOGS = YES;
				MACOSX_DEPLOYMENT_TARGET = 26.0;
				MARKETING_VERSION = 1.0.0;
				MTL_ENABLE_DEBUG_INFO = NO;
				MTL_FAST_MATH = YES;
				SDKROOT = macosx;
				SWIFT_COMPILATION_MODE = wholemodule;
			};
			name = Release;
		};
		3A7C30512E5A40E6004F0DAF /* Debug */ = {
			isa = XCBuildConfiguration;
			buildSettings = {
				ASSETCATALOG_COMPILER_APPICON_NAME = AppIcon;
				ASSETCATALOG_COMPILER_GLOBAL_ACCENT_COLOR_NAME = AccentColor;
				CODE_SIGN_ENTITLEMENTS = ASFireWire/ASFireWire.entitlements;
				"CODE_SIGN_IDENTITY[sdk=macosx*]" = "-";
				CODE_SIGN_STYLE = Automatic;
				COMBINE_HIDPI_IMAGES = YES;
				CURRENT_PROJECT_VERSION = 178;
				DEVELOPMENT_TEAM = F6YA6B56LR;
				ENABLE_APP_SANDBOX = YES;
				ENABLE_HARDENED_RUNTIME = YES;
				ENABLE_PREVIEWS = YES;
				ENABLE_USER_SELECTED_FILES = readonly;
				GENERATE_INFOPLIST_FILE = YES;
				INFOPLIST_KEY_NSHumanReadableCopyright = "";
				LD_RUNPATH_SEARCH_PATHS = (
					"$(inherited)",
					"@executable_path/../Frameworks",
				);
				MARKETING_VERSION = 1.0.0;
				PRODUCT_BUNDLE_IDENTIFIER = net.mrmidi.ASFireWire;
				PRODUCT_NAME = "$(TARGET_NAME)";
				REGISTER_APP_GROUPS = YES;
				STRING_CATALOG_GENERATE_SYMBOLS = YES;
				SWIFT_APPROACHABLE_CONCURRENCY = YES;
				SWIFT_DEFAULT_ACTOR_ISOLATION = MainActor;
				SWIFT_EMIT_LOC_STRINGS = YES;
				SWIFT_UPCOMING_FEATURE_MEMBER_IMPORT_VISIBILITY = YES;
				SWIFT_VERSION = 5.0;
				VERSIONING_SYSTEM = "apple-generic";
			};
			name = Debug;
		};
		3A7C30522E5A40E6004F0DAF /* Release */ = {
			isa = XCBuildConfiguration;
			buildSettings = {
				ASSETCATALOG_COMPILER_APPICON_NAME = AppIcon;
				ASSETCATALOG_COMPILER_GLOBAL_ACCENT_COLOR_NAME = AccentColor;
				CODE_SIGN_ENTITLEMENTS = ASFireWire/ASFireWire.entitlements;
				"CODE_SIGN_IDENTITY[sdk=macosx*]" = "-";
				CODE_SIGN_STYLE = Automatic;
				COMBINE_HIDPI_IMAGES = YES;
				CURRENT_PROJECT_VERSION = 178;
				DEVELOPMENT_TEAM = F6YA6B56LR;
				ENABLE_APP_SANDBOX = YES;
				ENABLE_HARDENED_RUNTIME = YES;
				ENABLE_PREVIEWS = YES;
				ENABLE_USER_SELECTED_FILES = readonly;
				GENERATE_INFOPLIST_FILE = YES;
				INFOPLIST_KEY_NSHumanReadableCopyright = "";
				LD_RUNPATH_SEARCH_PATHS = (
					"$(inherited)",
					"@executable_path/../Frameworks",
				);
				MARKETING_VERSION = 1.0.0;
				PRODUCT_BUNDLE_IDENTIFIER = net.mrmidi.ASFireWire;
				PRODUCT_NAME = "$(TARGET_NAME)";
				REGISTER_APP_GROUPS = YES;
				STRING_CATALOG_GENERATE_SYMBOLS = YES;
				SWIFT_APPROACHABLE_CONCURRENCY = YES;
				SWIFT_DEFAULT_ACTOR_ISOLATION = MainActor;
				SWIFT_EMIT_LOC_STRINGS = YES;
				SWIFT_UPCOMING_FEATURE_MEMBER_IMPORT_VISIBILITY = YES;
				SWIFT_VERSION = 5.0;
				VERSIONING_SYSTEM = "apple-generic";
			};
			name = Release;
		};
		3A7C30542E5A40E6004F0DAF /* Debug */ = {
			isa = XCBuildConfiguration;
			buildSettings = {
				BUNDLE_LOADER = "$(TEST_HOST)";
				CODE_SIGN_STYLE = Automatic;
				CURRENT_PROJECT_VERSION = 178;
				DEVELOPMENT_TEAM = F6YA6B56LR;
				GENERATE_INFOPLIST_FILE = YES;
				MACOSX_DEPLOYMENT_TARGET = 26.0;
				MARKETING_VERSION = 1.0.0;
				PRODUCT_BUNDLE_IDENTIFIER = net.mrmidi.ASFireWireTests;
				PRODUCT_NAME = "$(TARGET_NAME)";
				STRING_CATALOG_GENERATE_SYMBOLS = NO;
				SWIFT_APPROACHABLE_CONCURRENCY = YES;
				SWIFT_EMIT_LOC_STRINGS = NO;
				SWIFT_UPCOMING_FEATURE_MEMBER_IMPORT_VISIBILITY = YES;
				SWIFT_VERSION = 5.0;
				TEST_HOST = "$(BUILT_PRODUCTS_DIR)/ASFireWire.app/$(BUNDLE_EXECUTABLE_FOLDER_PATH)/ASFireWire";
			};
			name = Debug;
		};
		3A7C30552E5A40E6004F0DAF /* Release */ = {
			isa = XCBuildConfiguration;
			buildSettings = {
				BUNDLE_LOADER = "$(TEST_HOST)";
				CODE_SIGN_STYLE = Automatic;
				CURRENT_PROJECT_VERSION = 178;
				DEVELOPMENT_TEAM = F6YA6B56LR;
				GENERATE_INFOPLIST_FILE = YES;
				MACOSX_DEPLOYMENT_TARGET = 26.0;
				MARKETING_VERSION = 1.0.0;
				PRODUCT_BUNDLE_IDENTIFIER = net.mrmidi.ASFireWireTests;
				PRODUCT_NAME = "$(TARGET_NAME)";
				STRING_CATALOG_GENERATE_SYMBOLS = NO;
				SWIFT_APPROACHABLE_CONCURRENCY = YES;
				SWIFT_EMIT_LOC_STRINGS = NO;
				SWIFT_UPCOMING_FEATURE_MEMBER_IMPORT_VISIBILITY = YES;
				SWIFT_VERSION = 5.0;
				TEST_HOST = "$(BUILT_PRODUCTS_DIR)/ASFireWire.app/$(BUNDLE_EXECUTABLE_FOLDER_PATH)/ASFireWire";
			};
			name = Release;
		};
		3A7C30572E5A40E6004F0DAF /* Debug */ = {
			isa = XCBuildConfiguration;
			buildSettings = {
				CODE_SIGN_STYLE = Automatic;
				CURRENT_PROJECT_VERSION = 178;
				DEVELOPMENT_TEAM = F6YA6B56LR;
				GENERATE_INFOPLIST_FILE = YES;
				MARKETING_VERSION = 1.0.0;
				PRODUCT_BUNDLE_IDENTIFIER = net.mrmidi.ASFireWireUITests;
				PRODUCT_NAME = "$(TARGET_NAME)";
				STRING_CATALOG_GENERATE_SYMBOLS = NO;
				SWIFT_APPROACHABLE_CONCURRENCY = YES;
				SWIFT_EMIT_LOC_STRINGS = NO;
				SWIFT_UPCOMING_FEATURE_MEMBER_IMPORT_VISIBILITY = YES;
				SWIFT_VERSION = 5.0;
				TEST_TARGET_NAME = ASFireWire;
			};
			name = Debug;
		};
		3A7C30582E5A40E6004F0DAF /* Release */ = {
			isa = XCBuildConfiguration;
			buildSettings = {
				CODE_SIGN_STYLE = Automatic;
				CURRENT_PROJECT_VERSION = 178;
				DEVELOPMENT_TEAM = F6YA6B56LR;
				GENERATE_INFOPLIST_FILE = YES;
				MARKETING_VERSION = 1.0.0;
				PRODUCT_BUNDLE_IDENTIFIER = net.mrmidi.ASFireWireUITests;
				PRODUCT_NAME = "$(TARGET_NAME)";
				STRING_CATALOG_GENERATE_SYMBOLS = NO;
				SWIFT_APPROACHABLE_CONCURRENCY = YES;
				SWIFT_EMIT_LOC_STRINGS = NO;
				SWIFT_UPCOMING_FEATURE_MEMBER_IMPORT_VISIBILITY = YES;
				SWIFT_VERSION = 5.0;
				TEST_TARGET_NAME = ASFireWire;
			};
			name = Release;
		};
		3A7C306D2E5A40FD004F0DAF /* Debug */ = {
			isa = XCBuildConfiguration;
			buildSettings = {
				AD_HOC_CODE_SIGNING_ALLOWED = YES;
				CLANG_ENABLE_CODE_COVERAGE = NO;
				CODE_SIGN_ENTITLEMENTS = ASOHCI/ASOHCI.entitlements;
				CODE_SIGN_IDENTITY = "-";
				CODE_SIGN_STYLE = Automatic;
				CURRENT_PROJECT_VERSION = 178;
				DEVELOPMENT_TEAM = F6YA6B56LR;
				DRIVERKIT_DEPLOYMENT_TARGET = 23.0;
				ENABLE_CODE_COVERAGE = NO;
				FRAMEWORK_SEARCH_PATHS = (
					"$(inherited)",
					"$(SDKROOT)/System/DriverKit/System/Library/Frameworks",
				);
				GENERATE_INFOPLIST_FILE = YES;
				HEADER_SEARCH_PATHS = "$(PROJECT_DIR)";
				INFOPLIST_FILE = ASOHCI/Info.plist;
				LLVM_PROFILE_GENERATE = NO;
				MARKETING_VERSION = 1.0.0;
				OTHER_CPLUSPLUSFLAGS = (
					"-include",
					new,
				);
				PRODUCT_BUNDLE_IDENTIFIER = net.mrmidi.ASFireWire.ASOHCI;
				PRODUCT_NAME = "$(inherited)";
				RUN_CLANG_STATIC_ANALYZER = YES;
				SDKROOT = driverkit;
				SKIP_INSTALL = YES;
				STRING_CATALOG_GENERATE_SYMBOLS = YES;
				SWIFT_EMIT_LOC_STRINGS = YES;
				VERSIONING_SYSTEM = "apple-generic";
			};
			name = Debug;
		};
		3A7C306E2E5A40FD004F0DAF /* Release */ = {
			isa = XCBuildConfiguration;
			buildSettings = {
				AD_HOC_CODE_SIGNING_ALLOWED = YES;
				CLANG_ENABLE_CODE_COVERAGE = NO;
				CODE_SIGN_ENTITLEMENTS = ASOHCI/ASOHCI.entitlements;
				CODE_SIGN_IDENTITY = "-";
				CODE_SIGN_STYLE = Automatic;
				CURRENT_PROJECT_VERSION = 178;
				DEVELOPMENT_TEAM = F6YA6B56LR;
				DRIVERKIT_DEPLOYMENT_TARGET = 23.0;
				ENABLE_CODE_COVERAGE = NO;
				FRAMEWORK_SEARCH_PATHS = (
					"$(inherited)",
					"$(SDKROOT)/System/DriverKit/System/Library/Frameworks",
				);
				GENERATE_INFOPLIST_FILE = YES;
				HEADER_SEARCH_PATHS = "$(PROJECT_DIR)";
				INFOPLIST_FILE = ASOHCI/Info.plist;
				LLVM_PROFILE_GENERATE = NO;
				MARKETING_VERSION = 1.0.0;
				OTHER_CPLUSPLUSFLAGS = (
					"-include",
					new,
				);
				PRODUCT_BUNDLE_IDENTIFIER = net.mrmidi.ASFireWire.ASOHCI;
				PRODUCT_NAME = "$(inherited)";
				RUN_CLANG_STATIC_ANALYZER = YES;
				SDKROOT = driverkit;
				SKIP_INSTALL = YES;
				STRING_CATALOG_GENERATE_SYMBOLS = YES;
				SWIFT_EMIT_LOC_STRINGS = YES;
				VERSIONING_SYSTEM = "apple-generic";
			};
			name = Release;
		};
/* End XCBuildConfiguration section */

/* Begin XCConfigurationList section */
		3A7C30282E5A40E3004F0DAF /* Build configuration list for PBXProject "ASFireWire" */ = {
			isa = XCConfigurationList;
			buildConfigurations = (
				3A7C304E2E5A40E6004F0DAF /* Debug */,
				3A7C304F2E5A40E6004F0DAF /* Release */,
			);
			defaultConfigurationIsVisible = 0;
			defaultConfigurationName = Release;
		};
		3A7C30502E5A40E6004F0DAF /* Build configuration list for PBXNativeTarget "ASFireWire" */ = {
			isa = XCConfigurationList;
			buildConfigurations = (
				3A7C30512E5A40E6004F0DAF /* Debug */,
				3A7C30522E5A40E6004F0DAF /* Release */,
			);
			defaultConfigurationIsVisible = 0;
			defaultConfigurationName = Release;
		};
		3A7C30532E5A40E6004F0DAF /* Build configuration list for PBXNativeTarget "ASFireWireTests" */ = {
			isa = XCConfigurationList;
			buildConfigurations = (
				3A7C30542E5A40E6004F0DAF /* Debug */,
				3A7C30552E5A40E6004F0DAF /* Release */,
			);
			defaultConfigurationIsVisible = 0;
			defaultConfigurationName = Release;
		};
		3A7C30562E5A40E6004F0DAF /* Build configuration list for PBXNativeTarget "ASFireWireUITests" */ = {
			isa = XCConfigurationList;
			buildConfigurations = (
				3A7C30572E5A40E6004F0DAF /* Debug */,
				3A7C30582E5A40E6004F0DAF /* Release */,
			);
			defaultConfigurationIsVisible = 0;
			defaultConfigurationName = Release;
		};
		3A7C306C2E5A40FD004F0DAF /* Build configuration list for PBXNativeTarget "ASOHCI" */ = {
			isa = XCConfigurationList;
			buildConfigurations = (
				3A7C306D2E5A40FD004F0DAF /* Debug */,
				3A7C306E2E5A40FD004F0DAF /* Release */,
			);
			defaultConfigurationIsVisible = 0;
			defaultConfigurationName = Release;
		};
/* End XCConfigurationList section */
	};
	rootObject = 3A7C30252E5A40E3004F0DAF /* Project object */;
}
